// !$*UTF8*$!
{
	archiveVersion = 1;
	classes = {
	};
	objectVersion = 46;
	objects = {

/* Begin PBXBuildFile section */
		BE5736FF1B317B6B0052B4E9 /* AppDelegate.swift in Sources */ = {isa = PBXBuildFile; fileRef = BE5736FE1B317B6B0052B4E9 /* AppDelegate.swift */; };
		BE5737011B317B6B0052B4E9 /* ViewController.swift in Sources */ = {isa = PBXBuildFile; fileRef = BE5737001B317B6B0052B4E9 /* ViewController.swift */; };
		BE5737041B317B6B0052B4E9 /* Main.storyboard in Resources */ = {isa = PBXBuildFile; fileRef = BE5737021B317B6B0052B4E9 /* Main.storyboard */; };
		BE5737061B317B6B0052B4E9 /* Images.xcassets in Resources */ = {isa = PBXBuildFile; fileRef = BE5737051B317B6B0052B4E9 /* Images.xcassets */; };
		BE5737091B317B6B0052B4E9 /* LaunchScreen.xib in Resources */ = {isa = PBXBuildFile; fileRef = BE5737071B317B6B0052B4E9 /* LaunchScreen.xib */; };
		BE5737151B317B6B0052B4E9 /* TeamPicksTests.swift in Sources */ = {isa = PBXBuildFile; fileRef = BE5737141B317B6B0052B4E9 /* TeamPicksTests.swift */; };
		BE5737271B317B990052B4E9 /* ShareViewController.swift in Sources */ = {isa = PBXBuildFile; fileRef = BE5737261B317B990052B4E9 /* ShareViewController.swift */; };
		BE5737291B317B990052B4E9 /* MainInterface.storyboard in Resources */ = {isa = PBXBuildFile; fileRef = BE5737281B317B990052B4E9 /* MainInterface.storyboard */; };
		BE57372C1B317B990052B4E9 /* Share Track.appex in Embed App Extensions */ = {isa = PBXBuildFile; fileRef = BE5737221B317B990052B4E9 /* Share Track.appex */; settings = {ATTRIBUTES = (RemoveHeadersOnCopy, ); }; };
		BE5737341B3180AD0052B4E9 /* TeamTableViewController.swift in Sources */ = {isa = PBXBuildFile; fileRef = BE5737331B3180AD0052B4E9 /* TeamTableViewController.swift */; };
/* End PBXBuildFile section */

/* Begin PBXContainerItemProxy section */
		BE57370F1B317B6B0052B4E9 /* PBXContainerItemProxy */ = {
			isa = PBXContainerItemProxy;
			containerPortal = BE5736F11B317B6B0052B4E9 /* Project object */;
			proxyType = 1;
			remoteGlobalIDString = BE5736F81B317B6B0052B4E9;
			remoteInfo = TeamPicks;
		};
		BE57372A1B317B990052B4E9 /* PBXContainerItemProxy */ = {
			isa = PBXContainerItemProxy;
			containerPortal = BE5736F11B317B6B0052B4E9 /* Project object */;
			proxyType = 1;
			remoteGlobalIDString = BE5737211B317B990052B4E9;
			remoteInfo = "Share Track";
		};
/* End PBXContainerItemProxy section */

/* Begin PBXCopyFilesBuildPhase section */
		BE5737301B317B990052B4E9 /* Embed App Extensions */ = {
			isa = PBXCopyFilesBuildPhase;
			buildActionMask = 2147483647;
			dstPath = "";
			dstSubfolderSpec = 13;
			files = (
				BE57372C1B317B990052B4E9 /* Share Track.appex in Embed App Extensions */,
			);
			name = "Embed App Extensions";
			runOnlyForDeploymentPostprocessing = 0;
		};
/* End PBXCopyFilesBuildPhase section */

/* Begin PBXFileReference section */
		BE5736F91B317B6B0052B4E9 /* TeamPicks.app */ = {isa = PBXFileReference; explicitFileType = wrapper.application; includeInIndex = 0; path = TeamPicks.app; sourceTree = BUILT_PRODUCTS_DIR; };
		BE5736FD1B317B6B0052B4E9 /* Info.plist */ = {isa = PBXFileReference; lastKnownFileType = text.plist.xml; path = Info.plist; sourceTree = "<group>"; };
		BE5736FE1B317B6B0052B4E9 /* AppDelegate.swift */ = {isa = PBXFileReference; lastKnownFileType = sourcecode.swift; path = AppDelegate.swift; sourceTree = "<group>"; };
		BE5737001B317B6B0052B4E9 /* ViewController.swift */ = {isa = PBXFileReference; lastKnownFileType = sourcecode.swift; path = ViewController.swift; sourceTree = "<group>"; };
		BE5737031B317B6B0052B4E9 /* Base */ = {isa = PBXFileReference; lastKnownFileType = file.storyboard; name = Base; path = Base.lproj/Main.storyboard; sourceTree = "<group>"; };
		BE5737051B317B6B0052B4E9 /* Images.xcassets */ = {isa = PBXFileReference; lastKnownFileType = folder.assetcatalog; path = Images.xcassets; sourceTree = "<group>"; };
		BE5737081B317B6B0052B4E9 /* Base */ = {isa = PBXFileReference; lastKnownFileType = file.xib; name = Base; path = Base.lproj/LaunchScreen.xib; sourceTree = "<group>"; };
		BE57370E1B317B6B0052B4E9 /* TeamPicksTests.xctest */ = {isa = PBXFileReference; explicitFileType = wrapper.cfbundle; includeInIndex = 0; path = TeamPicksTests.xctest; sourceTree = BUILT_PRODUCTS_DIR; };
		BE5737131B317B6B0052B4E9 /* Info.plist */ = {isa = PBXFileReference; lastKnownFileType = text.plist.xml; path = Info.plist; sourceTree = "<group>"; };
		BE5737141B317B6B0052B4E9 /* TeamPicksTests.swift */ = {isa = PBXFileReference; lastKnownFileType = sourcecode.swift; path = TeamPicksTests.swift; sourceTree = "<group>"; };
		BE5737221B317B990052B4E9 /* Share Track.appex */ = {isa = PBXFileReference; explicitFileType = "wrapper.app-extension"; includeInIndex = 0; path = "Share Track.appex"; sourceTree = BUILT_PRODUCTS_DIR; };
		BE5737251B317B990052B4E9 /* Info.plist */ = {isa = PBXFileReference; lastKnownFileType = text.plist.xml; path = Info.plist; sourceTree = "<group>"; };
		BE5737261B317B990052B4E9 /* ShareViewController.swift */ = {isa = PBXFileReference; lastKnownFileType = sourcecode.swift; path = ShareViewController.swift; sourceTree = "<group>"; };
		BE5737281B317B990052B4E9 /* MainInterface.storyboard */ = {isa = PBXFileReference; lastKnownFileType = file.storyboard; path = MainInterface.storyboard; sourceTree = "<group>"; };
		BE5737331B3180AD0052B4E9 /* TeamTableViewController.swift */ = {isa = PBXFileReference; fileEncoding = 4; lastKnownFileType = sourcecode.swift; path = TeamTableViewController.swift; sourceTree = "<group>"; };
/* End PBXFileReference section */

/* Begin PBXFrameworksBuildPhase section */
		BE5736F61B317B6B0052B4E9 /* Frameworks */ = {
			isa = PBXFrameworksBuildPhase;
			buildActionMask = 2147483647;
			files = (
			);
			runOnlyForDeploymentPostprocessing = 0;
		};
		BE57370B1B317B6B0052B4E9 /* Frameworks */ = {
			isa = PBXFrameworksBuildPhase;
			buildActionMask = 2147483647;
			files = (
			);
			runOnlyForDeploymentPostprocessing = 0;
		};
		BE57371F1B317B990052B4E9 /* Frameworks */ = {
			isa = PBXFrameworksBuildPhase;
			buildActionMask = 2147483647;
			files = (
			);
			runOnlyForDeploymentPostprocessing = 0;
		};
/* End PBXFrameworksBuildPhase section */

/* Begin PBXGroup section */
		BE5736F01B317B6B0052B4E9 = {
			isa = PBXGroup;
			children = (
				BE5736FB1B317B6B0052B4E9 /* TeamPicks */,
				BE5737111B317B6B0052B4E9 /* TeamPicksTests */,
				BE5737231B317B990052B4E9 /* Share Track */,
				BE5736FA1B317B6B0052B4E9 /* Products */,
			);
			sourceTree = "<group>";
		};
		BE5736FA1B317B6B0052B4E9 /* Products */ = {
			isa = PBXGroup;
			children = (
				BE5736F91B317B6B0052B4E9 /* TeamPicks.app */,
				BE57370E1B317B6B0052B4E9 /* TeamPicksTests.xctest */,
				BE5737221B317B990052B4E9 /* Share Track.appex */,
			);
			name = Products;
			sourceTree = "<group>";
		};
		BE5736FB1B317B6B0052B4E9 /* TeamPicks */ = {
			isa = PBXGroup;
			children = (
				BE5736FE1B317B6B0052B4E9 /* AppDelegate.swift */,
				BE5737001B317B6B0052B4E9 /* ViewController.swift */,
				BE5737021B317B6B0052B4E9 /* Main.storyboard */,
				BE5737051B317B6B0052B4E9 /* Images.xcassets */,
				BE5737071B317B6B0052B4E9 /* LaunchScreen.xib */,
				BE5736FC1B317B6B0052B4E9 /* Supporting Files */,
			);
			path = TeamPicks;
			sourceTree = "<group>";
		};
		BE5736FC1B317B6B0052B4E9 /* Supporting Files */ = {
			isa = PBXGroup;
			children = (
				BE5736FD1B317B6B0052B4E9 /* Info.plist */,
			);
			name = "Supporting Files";
			sourceTree = "<group>";
		};
		BE5737111B317B6B0052B4E9 /* TeamPicksTests */ = {
			isa = PBXGroup;
			children = (
				BE5737141B317B6B0052B4E9 /* TeamPicksTests.swift */,
				BE5737121B317B6B0052B4E9 /* Supporting Files */,
			);
			path = TeamPicksTests;
			sourceTree = "<group>";
		};
		BE5737121B317B6B0052B4E9 /* Supporting Files */ = {
			isa = PBXGroup;
			children = (
				BE5737131B317B6B0052B4E9 /* Info.plist */,
			);
			name = "Supporting Files";
			sourceTree = "<group>";
		};
		BE5737231B317B990052B4E9 /* Share Track */ = {
			isa = PBXGroup;
			children = (
				BE5737261B317B990052B4E9 /* ShareViewController.swift */,
				BE5737281B317B990052B4E9 /* MainInterface.storyboard */,
				BE5737241B317B990052B4E9 /* Supporting Files */,
				BE5737331B3180AD0052B4E9 /* TeamTableViewController.swift */,
			);
			path = "Share Track";
			sourceTree = "<group>";
		};
		BE5737241B317B990052B4E9 /* Supporting Files */ = {
			isa = PBXGroup;
			children = (
				BE5737251B317B990052B4E9 /* Info.plist */,
			);
			name = "Supporting Files";
			sourceTree = "<group>";
		};
/* End PBXGroup section */

/* Begin PBXNativeTarget section */
		BE5736F81B317B6B0052B4E9 /* TeamPicks */ = {
			isa = PBXNativeTarget;
			buildConfigurationList = BE5737181B317B6B0052B4E9 /* Build configuration list for PBXNativeTarget "TeamPicks" */;
			buildPhases = (
				BE5736F51B317B6B0052B4E9 /* Sources */,
				BE5736F61B317B6B0052B4E9 /* Frameworks */,
				BE5736F71B317B6B0052B4E9 /* Resources */,
				BE5737301B317B990052B4E9 /* Embed App Extensions */,
			);
			buildRules = (
			);
			dependencies = (
				BE57372B1B317B990052B4E9 /* PBXTargetDependency */,
			);
			name = TeamPicks;
			productName = TeamPicks;
			productReference = BE5736F91B317B6B0052B4E9 /* TeamPicks.app */;
			productType = "com.apple.product-type.application";
		};
		BE57370D1B317B6B0052B4E9 /* TeamPicksTests */ = {
			isa = PBXNativeTarget;
			buildConfigurationList = BE57371B1B317B6B0052B4E9 /* Build configuration list for PBXNativeTarget "TeamPicksTests" */;
			buildPhases = (
				BE57370A1B317B6B0052B4E9 /* Sources */,
				BE57370B1B317B6B0052B4E9 /* Frameworks */,
				BE57370C1B317B6B0052B4E9 /* Resources */,
			);
			buildRules = (
			);
			dependencies = (
				BE5737101B317B6B0052B4E9 /* PBXTargetDependency */,
			);
			name = TeamPicksTests;
			productName = TeamPicksTests;
			productReference = BE57370E1B317B6B0052B4E9 /* TeamPicksTests.xctest */;
			productType = "com.apple.product-type.bundle.unit-test";
		};
		BE5737211B317B990052B4E9 /* Share Track */ = {
			isa = PBXNativeTarget;
			buildConfigurationList = BE57372D1B317B990052B4E9 /* Build configuration list for PBXNativeTarget "Share Track" */;
			buildPhases = (
				BE57371E1B317B990052B4E9 /* Sources */,
				BE57371F1B317B990052B4E9 /* Frameworks */,
				BE5737201B317B990052B4E9 /* Resources */,
			);
			buildRules = (
			);
			dependencies = (
			);
			name = "Share Track";
			productName = "Share Track";
			productReference = BE5737221B317B990052B4E9 /* Share Track.appex */;
			productType = "com.apple.product-type.app-extension";
		};
/* End PBXNativeTarget section */

/* Begin PBXProject section */
		BE5736F11B317B6B0052B4E9 /* Project object */ = {
			isa = PBXProject;
			attributes = {
				LastSwiftUpdateCheck = 0700;
				LastUpgradeCheck = 0630;
				ORGANIZATIONNAME = Couchbase;
				TargetAttributes = {
					BE5736F81B317B6B0052B4E9 = {
						CreatedOnToolsVersion = 6.3.2;
					};
					BE57370D1B317B6B0052B4E9 = {
						CreatedOnToolsVersion = 6.3.2;
						TestTargetID = BE5736F81B317B6B0052B4E9;
					};
					BE5737211B317B990052B4E9 = {
						CreatedOnToolsVersion = 6.3.2;
					};
				};
			};
			buildConfigurationList = BE5736F41B317B6B0052B4E9 /* Build configuration list for PBXProject "TeamPicks" */;
			compatibilityVersion = "Xcode 3.2";
			developmentRegion = English;
			hasScannedForEncodings = 0;
			knownRegions = (
				en,
				Base,
			);
			mainGroup = BE5736F01B317B6B0052B4E9;
			productRefGroup = BE5736FA1B317B6B0052B4E9 /* Products */;
			projectDirPath = "";
			projectRoot = "";
			targets = (
				BE5736F81B317B6B0052B4E9 /* TeamPicks */,
				BE57370D1B317B6B0052B4E9 /* TeamPicksTests */,
				BE5737211B317B990052B4E9 /* Share Track */,
			);
		};
/* End PBXProject section */

/* Begin PBXResourcesBuildPhase section */
		BE5736F71B317B6B0052B4E9 /* Resources */ = {
			isa = PBXResourcesBuildPhase;
			buildActionMask = 2147483647;
			files = (
				BE5737041B317B6B0052B4E9 /* Main.storyboard in Resources */,
				BE5737091B317B6B0052B4E9 /* LaunchScreen.xib in Resources */,
				BE5737061B317B6B0052B4E9 /* Images.xcassets in Resources */,
			);
			runOnlyForDeploymentPostprocessing = 0;
		};
		BE57370C1B317B6B0052B4E9 /* Resources */ = {
			isa = PBXResourcesBuildPhase;
			buildActionMask = 2147483647;
			files = (
			);
			runOnlyForDeploymentPostprocessing = 0;
		};
		BE5737201B317B990052B4E9 /* Resources */ = {
			isa = PBXResourcesBuildPhase;
			buildActionMask = 2147483647;
			files = (
				BE5737291B317B990052B4E9 /* MainInterface.storyboard in Resources */,
			);
			runOnlyForDeploymentPostprocessing = 0;
		};
/* End PBXResourcesBuildPhase section */

/* Begin PBXSourcesBuildPhase section */
		BE5736F51B317B6B0052B4E9 /* Sources */ = {
			isa = PBXSourcesBuildPhase;
			buildActionMask = 2147483647;
			files = (
				BE5737011B317B6B0052B4E9 /* ViewController.swift in Sources */,
				BE5736FF1B317B6B0052B4E9 /* AppDelegate.swift in Sources */,
			);
			runOnlyForDeploymentPostprocessing = 0;
		};
		BE57370A1B317B6B0052B4E9 /* Sources */ = {
			isa = PBXSourcesBuildPhase;
			buildActionMask = 2147483647;
			files = (
				BE5737151B317B6B0052B4E9 /* TeamPicksTests.swift in Sources */,
			);
			runOnlyForDeploymentPostprocessing = 0;
		};
		BE57371E1B317B990052B4E9 /* Sources */ = {
			isa = PBXSourcesBuildPhase;
			buildActionMask = 2147483647;
			files = (
				BE5737341B3180AD0052B4E9 /* TeamTableViewController.swift in Sources */,
				BE5737271B317B990052B4E9 /* ShareViewController.swift in Sources */,
			);
			runOnlyForDeploymentPostprocessing = 0;
		};
/* End PBXSourcesBuildPhase section */

/* Begin PBXTargetDependency section */
		BE5737101B317B6B0052B4E9 /* PBXTargetDependency */ = {
			isa = PBXTargetDependency;
			target = BE5736F81B317B6B0052B4E9 /* TeamPicks */;
			targetProxy = BE57370F1B317B6B0052B4E9 /* PBXContainerItemProxy */;
		};
		BE57372B1B317B990052B4E9 /* PBXTargetDependency */ = {
			isa = PBXTargetDependency;
			target = BE5737211B317B990052B4E9 /* Share Track */;
			targetProxy = BE57372A1B317B990052B4E9 /* PBXContainerItemProxy */;
		};
/* End PBXTargetDependency section */

/* Begin PBXVariantGroup section */
		BE5737021B317B6B0052B4E9 /* Main.storyboard */ = {
			isa = PBXVariantGroup;
			children = (
				BE5737031B317B6B0052B4E9 /* Base */,
			);
			name = Main.storyboard;
			sourceTree = "<group>";
		};
		BE5737071B317B6B0052B4E9 /* LaunchScreen.xib */ = {
			isa = PBXVariantGroup;
			children = (
				BE5737081B317B6B0052B4E9 /* Base */,
			);
			name = LaunchScreen.xib;
			sourceTree = "<group>";
		};
/* End PBXVariantGroup section */

/* Begin XCBuildConfiguration section */
		BE5737161B317B6B0052B4E9 /* Debug */ = {
			isa = XCBuildConfiguration;
			buildSettings = {
				ALWAYS_SEARCH_USER_PATHS = NO;
				CLANG_CXX_LANGUAGE_STANDARD = "gnu++0x";
				CLANG_CXX_LIBRARY = "libc++";
				CLANG_ENABLE_MODULES = YES;
				CLANG_ENABLE_OBJC_ARC = YES;
				CLANG_WARN_BOOL_CONVERSION = YES;
				CLANG_WARN_CONSTANT_CONVERSION = YES;
				CLANG_WARN_DIRECT_OBJC_ISA_USAGE = YES_ERROR;
				CLANG_WARN_EMPTY_BODY = YES;
				CLANG_WARN_ENUM_CONVERSION = YES;
				CLANG_WARN_INT_CONVERSION = YES;
				CLANG_WARN_OBJC_ROOT_CLASS = YES_ERROR;
				CLANG_WARN_UNREACHABLE_CODE = YES;
				CLANG_WARN__DUPLICATE_METHOD_MATCH = YES;
				"CODE_SIGN_IDENTITY[sdk=iphoneos*]" = "iPhone Developer";
				COPY_PHASE_STRIP = NO;
				DEBUG_INFORMATION_FORMAT = "dwarf-with-dsym";
				ENABLE_STRICT_OBJC_MSGSEND = YES;
				GCC_C_LANGUAGE_STANDARD = gnu99;
				GCC_DYNAMIC_NO_PIC = NO;
				GCC_NO_COMMON_BLOCKS = YES;
				GCC_OPTIMIZATION_LEVEL = 0;
				GCC_PREPROCESSOR_DEFINITIONS = (
					"DEBUG=1",
					"$(inherited)",
				);
				GCC_SYMBOLS_PRIVATE_EXTERN = NO;
				GCC_WARN_64_TO_32_BIT_CONVERSION = YES;
				GCC_WARN_ABOUT_RETURN_TYPE = YES_ERROR;
				GCC_WARN_UNDECLARED_SELECTOR = YES;
				GCC_WARN_UNINITIALIZED_AUTOS = YES_AGGRESSIVE;
				GCC_WARN_UNUSED_FUNCTION = YES;
				GCC_WARN_UNUSED_VARIABLE = YES;
				IPHONEOS_DEPLOYMENT_TARGET = 8.3;
				MTL_ENABLE_DEBUG_INFO = YES;
				ONLY_ACTIVE_ARCH = YES;
				SDKROOT = iphoneos;
				SWIFT_OPTIMIZATION_LEVEL = "-Onone";
			};
			name = Debug;
		};
		BE5737171B317B6B0052B4E9 /* Release */ = {
			isa = XCBuildConfiguration;
			buildSettings = {
				ALWAYS_SEARCH_USER_PATHS = NO;
				CLANG_CXX_LANGUAGE_STANDARD = "gnu++0x";
				CLANG_CXX_LIBRARY = "libc++";
				CLANG_ENABLE_MODULES = YES;
				CLANG_ENABLE_OBJC_ARC = YES;
				CLANG_WARN_BOOL_CONVERSION = YES;
				CLANG_WARN_CONSTANT_CONVERSION = YES;
				CLANG_WARN_DIRECT_OBJC_ISA_USAGE = YES_ERROR;
				CLANG_WARN_EMPTY_BODY = YES;
				CLANG_WARN_ENUM_CONVERSION = YES;
				CLANG_WARN_INT_CONVERSION = YES;
				CLANG_WARN_OBJC_ROOT_CLASS = YES_ERROR;
				CLANG_WARN_UNREACHABLE_CODE = YES;
				CLANG_WARN__DUPLICATE_METHOD_MATCH = YES;
				"CODE_SIGN_IDENTITY[sdk=iphoneos*]" = "iPhone Developer";
				COPY_PHASE_STRIP = NO;
				DEBUG_INFORMATION_FORMAT = "dwarf-with-dsym";
				ENABLE_NS_ASSERTIONS = NO;
				ENABLE_STRICT_OBJC_MSGSEND = YES;
				GCC_C_LANGUAGE_STANDARD = gnu99;
				GCC_NO_COMMON_BLOCKS = YES;
				GCC_WARN_64_TO_32_BIT_CONVERSION = YES;
				GCC_WARN_ABOUT_RETURN_TYPE = YES_ERROR;
				GCC_WARN_UNDECLARED_SELECTOR = YES;
				GCC_WARN_UNINITIALIZED_AUTOS = YES_AGGRESSIVE;
				GCC_WARN_UNUSED_FUNCTION = YES;
				GCC_WARN_UNUSED_VARIABLE = YES;
				IPHONEOS_DEPLOYMENT_TARGET = 8.3;
				MTL_ENABLE_DEBUG_INFO = NO;
				SDKROOT = iphoneos;
				VALIDATE_PRODUCT = YES;
			};
			name = Release;
		};
		BE5737191B317B6B0052B4E9 /* Debug */ = {
			isa = XCBuildConfiguration;
			buildSettings = {
				ASSETCATALOG_COMPILER_APPICON_NAME = AppIcon;
				INFOPLIST_FILE = TeamPicks/Info.plist;
				LD_RUNPATH_SEARCH_PATHS = "$(inherited) @executable_path/Frameworks";
				PRODUCT_NAME = "$(TARGET_NAME)";
			};
			name = Debug;
		};
		BE57371A1B317B6B0052B4E9 /* Release */ = {
			isa = XCBuildConfiguration;
			buildSettings = {
				ASSETCATALOG_COMPILER_APPICON_NAME = AppIcon;
				INFOPLIST_FILE = TeamPicks/Info.plist;
				LD_RUNPATH_SEARCH_PATHS = "$(inherited) @executable_path/Frameworks";
				PRODUCT_NAME = "$(TARGET_NAME)";
			};
			name = Release;
		};
		BE57371C1B317B6B0052B4E9 /* Debug */ = {
			isa = XCBuildConfiguration;
			buildSettings = {
				BUNDLE_LOADER = "$(TEST_HOST)";
				FRAMEWORK_SEARCH_PATHS = (
					"$(SDKROOT)/Developer/Library/Frameworks",
					"$(inherited)",
				);
				GCC_PREPROCESSOR_DEFINITIONS = (
					"DEBUG=1",
					"$(inherited)",
				);
				INFOPLIST_FILE = TeamPicksTests/Info.plist;
				LD_RUNPATH_SEARCH_PATHS = "$(inherited) @executable_path/Frameworks @loader_path/Frameworks";
				PRODUCT_NAME = "$(TARGET_NAME)";
				TEST_HOST = "$(BUILT_PRODUCTS_DIR)/TeamPicks.app/TeamPicks";
			};
			name = Debug;
		};
		BE57371D1B317B6B0052B4E9 /* Release */ = {
			isa = XCBuildConfiguration;
			buildSettings = {
				BUNDLE_LOADER = "$(TEST_HOST)";
				FRAMEWORK_SEARCH_PATHS = (
					"$(SDKROOT)/Developer/Library/Frameworks",
					"$(inherited)",
				);
				INFOPLIST_FILE = TeamPicksTests/Info.plist;
				LD_RUNPATH_SEARCH_PATHS = "$(inherited) @executable_path/Frameworks @loader_path/Frameworks";
				PRODUCT_NAME = "$(TARGET_NAME)";
				TEST_HOST = "$(BUILT_PRODUCTS_DIR)/TeamPicks.app/TeamPicks";
			};
			name = Release;
		};
		BE57372E1B317B990052B4E9 /* Debug */ = {
			isa = XCBuildConfiguration;
			buildSettings = {
				GCC_PREPROCESSOR_DEFINITIONS = (
					"DEBUG=1",
					"$(inherited)",
				);
				INFOPLIST_FILE = "Share Track/Info.plist";
				LD_RUNPATH_SEARCH_PATHS = "$(inherited) @executable_path/Frameworks @executable_path/../../Frameworks";
				PRODUCT_NAME = "$(TARGET_NAME)";
				SKIP_INSTALL = YES;
			};
			name = Debug;
		};
		BE57372F1B317B990052B4E9 /* Release */ = {
			isa = XCBuildConfiguration;
			buildSettings = {
				INFOPLIST_FILE = "Share Track/Info.plist";
				LD_RUNPATH_SEARCH_PATHS = "$(inherited) @executable_path/Frameworks @executable_path/../../Frameworks";
				PRODUCT_NAME = "$(TARGET_NAME)";
				SKIP_INSTALL = YES;
			};
			name = Release;
		};
/* End XCBuildConfiguration section */

/* Begin XCConfigurationList section */
		BE5736F41B317B6B0052B4E9 /* Build configuration list for PBXProject "TeamPicks" */ = {
			isa = XCConfigurationList;
			buildConfigurations = (
				BE5737161B317B6B0052B4E9 /* Debug */,
				BE5737171B317B6B0052B4E9 /* Release */,
			);
			defaultConfigurationIsVisible = 0;
			defaultConfigurationName = Release;
		};
		BE5737181B317B6B0052B4E9 /* Build configuration list for PBXNativeTarget "TeamPicks" */ = {
			isa = XCConfigurationList;
			buildConfigurations = (
				BE5737191B317B6B0052B4E9 /* Debug */,
				BE57371A1B317B6B0052B4E9 /* Release */,
			);
			defaultConfigurationIsVisible = 0;
			defaultConfigurationName = Release;
		};
		BE57371B1B317B6B0052B4E9 /* Build configuration list for PBXNativeTarget "TeamPicksTests" */ = {
			isa = XCConfigurationList;
			buildConfigurations = (
				BE57371C1B317B6B0052B4E9 /* Debug */,
				BE57371D1B317B6B0052B4E9 /* Release */,
			);
			defaultConfigurationIsVisible = 0;
			defaultConfigurationName = Release;
		};
		BE57372D1B317B990052B4E9 /* Build configuration list for PBXNativeTarget "Share Track" */ = {
			isa = XCConfigurationList;
			buildConfigurations = (
				BE57372E1B317B990052B4E9 /* Debug */,
				BE57372F1B317B990052B4E9 /* Release */,
			);
			defaultConfigurationIsVisible = 0;
			defaultConfigurationName = Release;
		};
/* End XCConfigurationList section */
	};
	rootObject = BE5736F11B317B6B0052B4E9 /* Project object */;
}
